dependencies:
- name: admiral
  repository: file://../admiral
  version: 0.1.0
- name: api
  repository: file://../api
  version: 0.1.0
- name: fluentd
  repository: file://../fluentd
  version: 0.1.0
- name: frontend
  repository: file://../frontend
  version: 0.1.0
- name: gitreceiver
  repository: file://../gitreceiver
  version: 0.1.0
- name: lookout
  repository: file://../lookout
  version: 0.1.0
- name: platform-storage-slugs
  repository: file://../platform-storage-slugs
  version: 0.1.0
- name: scheduler
  repository: file://../scheduler
  version: 0.1.0
- name: steward
  repository: file://../steward
  version: 0.1.0
- name: webhooks
  repository: file://../webhooks
  version: 0.1.0
digest: sha256:573f5bd0c8b4e002be37f4ea9e59eaace9d834a4b08025287b775888741a2645
generated: 2018-05-23T15:32:07.32965631+03:00
